
Microsoft Visual Studio Solution File, Format Version 12.00
# Visual Studio Version 16
VisualStudioVersion = 16.0.30517.126
MinimumVisualStudioVersion = 10.0.40219.1
Project("{FAE04EC0-301F-11D3-BF4B-00C04F79EFBC}") = "Application Development Coursework", "Application Development Coursework\Application Development Coursework.csproj", "{370ACAF3-0617-4CC1-9176-042BEFE2E7CD}"
EndProject
Project("{2150E333-8FDC-42A3-9474-1A3956D46DE8}") = "Solution Items", "Solution Items", "{E990E3F4-B8CF-4047-98E7-7257BB6B25A3}"
	ProjectSection(SolutionItems) = preProject
		Application Development Coursework\Utility.cs = Application Development Coursework\Utility.cs
	EndProjectSection
EndProject
Global
	GlobalSection(SolutionConfigurationPlatforms) = preSolution
		Debug|Any CPU = Debug|Any CPU
		Release|Any CPU = Release|Any CPU
	EndGlobalSection
	GlobalSection(ProjectConfigurationPlatforms) = postSolution
		{370ACAF3-0617-4CC1-9176-042BEFE2E7CD}.Debug|Any CPU.ActiveCfg = Debug|Any CPU
		{370ACAF3-0617-4CC1-9176-042BEFE2E7CD}.Debug|Any CPU.Build.0 = Debug|Any CPU
		{370ACAF3-0617-4CC1-9176-042BEFE2E7CD}.Release|Any CPU.ActiveCfg = Release|Any CPU
		{370ACAF3-0617-4CC1-9176-042BEFE2E7CD}.Release|Any CPU.Build.0 = Release|Any CPU
	EndGlobalSection
	GlobalSection(SolutionProperties) = preSolution
		HideSolutionNode = FALSE
	EndGlobalSection
	GlobalSection(ExtensibilityGlobals) = postSolution
		SolutionGuid = {51A22AC0-1D8B-441F-B897-D8F5B21A4E8E}
	EndGlobalSection
EndGlobal
